
Microsoft Visual Studio Solution File, Format Version 12.00
# Visual Studio Version 16
VisualStudioVersion = 16.0.30907.101
MinimumVisualStudioVersion = 10.0.40219.1
Project("{9A19103F-16F7-4668-BE54-9A1E7A4F7556}") = "RP_Peliculas", "RP_Peliculas\RP_Peliculas.csproj", "{4745F38E-8307-4DF0-96D0-0FDB3EBE3A4A}"
EndProject
Global
	GlobalSection(SolutionConfigurationPlatforms) = preSolution
		Debug|Any CPU = Debug|Any CPU
		Release|Any CPU = Release|Any CPU
	EndGlobalSection
	GlobalSection(ProjectConfigurationPlatforms) = postSolution
		{4745F38E-8307-4DF0-96D0-0FDB3EBE3A4A}.Debug|Any CPU.ActiveCfg = Debug|Any CPU
		{4745F38E-8307-4DF0-96D0-0FDB3EBE3A4A}.Debug|Any CPU.Build.0 = Debug|Any CPU
		{4745F38E-8307-4DF0-96D0-0FDB3EBE3A4A}.Release|Any CPU.ActiveCfg = Release|Any CPU
		{4745F38E-8307-4DF0-96D0-0FDB3EBE3A4A}.Release|Any CPU.Build.0 = Release|Any CPU
	EndGlobalSection
	GlobalSection(SolutionProperties) = preSolution
		HideSolutionNode = FALSE
	EndGlobalSection
	GlobalSection(ExtensibilityGlobals) = postSolution
		SolutionGuid = {48D4994E-909F-40BA-9A0F-679FBD252791}
	EndGlobalSection
EndGlobal
